
Microsoft Visual Studio Solution File, Format Version 9.00
# Visual Studio 2005
Project("{8BC9CEB8-8B4A-11D0-8D11-00A0C91BC942}") = "codeFilter", "codeFilter.vcproj", "{B21954CF-813D-4B6F-816F-8249199BFCD0}"
EndProject
Global
	GlobalSection(SolutionConfigurationPlatforms) = preSolution
		Debug|Win32 = Debug|Win32
		Release|Win32 = Release|Win32
	EndGlobalSection
	GlobalSection(ProjectConfigurationPlatforms) = postSolution
		{B21954CF-813D-4B6F-816F-8249199BFCD0}.Debug|Win32.ActiveCfg = Debug|Win32
		{B21954CF-813D-4B6F-816F-8249199BFCD0}.Debug|Win32.Build.0 = Debug|Win32
		{B21954CF-813D-4B6F-816F-8249199BFCD0}.Release|Win32.ActiveCfg = Release|Win32
		{B21954CF-813D-4B6F-816F-8249199BFCD0}.Release|Win32.Build.0 = Release|Win32
	EndGlobalSection
	GlobalSection(SolutionProperties) = preSolution
		HideSolutionNode = FALSE
	EndGlobalSection
EndGlobal
